
Microsoft Visual Studio Solution File, Format Version 12.00
# Visual Studio 15
VisualStudioVersion = 15.0.28307.852
MinimumVisualStudioVersion = 10.0.40219.1
Project("{FAE04EC0-301F-11D3-BF4B-00C04F79EFBC}") = "DailyShopping", "DailyShopping\DailyShopping.csproj", "{F04BC9FF-581F-444F-95B7-6E085A13A678}"
EndProject
Global
	GlobalSection(SolutionConfigurationPlatforms) = preSolution
		Debug|Any CPU = Debug|Any CPU
		Release|Any CPU = Release|Any CPU
	EndGlobalSection
	GlobalSection(ProjectConfigurationPlatforms) = postSolution
		{F04BC9FF-581F-444F-95B7-6E085A13A678}.Debug|Any CPU.ActiveCfg = Debug|Any CPU
		{F04BC9FF-581F-444F-95B7-6E085A13A678}.Debug|Any CPU.Build.0 = Debug|Any CPU
		{F04BC9FF-581F-444F-95B7-6E085A13A678}.Release|Any CPU.ActiveCfg = Release|Any CPU
		{F04BC9FF-581F-444F-95B7-6E085A13A678}.Release|Any CPU.Build.0 = Release|Any CPU
	EndGlobalSection
	GlobalSection(SolutionProperties) = preSolution
		HideSolutionNode = FALSE
	EndGlobalSection
	GlobalSection(ExtensibilityGlobals) = postSolution
		SolutionGuid = {32F6F130-5A9B-4881-B945-4525860F7D10}
	EndGlobalSection
EndGlobal
